// !$*UTF8*$!
{
	archiveVersion = 1;
	classes = {
	};
	objectVersion = 48;
	objects = {

/* Begin PBXBuildFile section */
		772CE0521F9D78F80055CAEC /* AppDelegate.swift in Sources */ = {isa = PBXBuildFile; fileRef = 772CE0511F9D78F80055CAEC /* AppDelegate.swift */; };
		772CE0541F9D78F80055CAEC /* ViewController.swift in Sources */ = {isa = PBXBuildFile; fileRef = 772CE0531F9D78F80055CAEC /* ViewController.swift */; };
		772CE0571F9D78F80055CAEC /* Main.storyboard in Resources */ = {isa = PBXBuildFile; fileRef = 772CE0551F9D78F80055CAEC /* Main.storyboard */; };
		772CE0591F9D78F80055CAEC /* Assets.xcassets in Resources */ = {isa = PBXBuildFile; fileRef = 772CE0581F9D78F80055CAEC /* Assets.xcassets */; };
		772CE05C1F9D78F80055CAEC /* LaunchScreen.storyboard in Resources */ = {isa = PBXBuildFile; fileRef = 772CE05A1F9D78F80055CAEC /* LaunchScreen.storyboard */; };
		772CE0671F9D78F80055CAEC /* AutoLayoutTests.swift in Sources */ = {isa = PBXBuildFile; fileRef = 772CE0661F9D78F80055CAEC /* AutoLayoutTests.swift */; };
		772CE0721F9D78F80055CAEC /* AutoLayoutUITests.swift in Sources */ = {isa = PBXBuildFile; fileRef = 772CE0711F9D78F80055CAEC /* AutoLayoutUITests.swift */; };
/* End PBXBuildFile section */

/* Begin PBXContainerItemProxy section */
		772CE0631F9D78F80055CAEC /* PBXContainerItemProxy */ = {
			isa = PBXContainerItemProxy;
			containerPortal = 772CE0461F9D78F80055CAEC /* Project object */;
			proxyType = 1;
			remoteGlobalIDString = 772CE04D1F9D78F80055CAEC;
			remoteInfo = AutoLayout;
		};
		772CE06E1F9D78F80055CAEC /* PBXContainerItemProxy */ = {
			isa = PBXContainerItemProxy;
			containerPortal = 772CE0461F9D78F80055CAEC /* Project object */;
			proxyType = 1;
			remoteGlobalIDString = 772CE04D1F9D78F80055CAEC;
			remoteInfo = AutoLayout;
		};
/* End PBXContainerItemProxy section */

/* Begin PBXFileReference section */
		772CE04E1F9D78F80055CAEC /* AutoLayout.app */ = {isa = PBXFileReference; explicitFileType = wrapper.application; includeInIndex = 0; path = AutoLayout.app; sourceTree = BUILT_PRODUCTS_DIR; };
		772CE0511F9D78F80055CAEC /* AppDelegate.swift */ = {isa = PBXFileReference; lastKnownFileType = sourcecode.swift; path = AppDelegate.swift; sourceTree = "<group>"; };
		772CE0531F9D78F80055CAEC /* ViewController.swift */ = {isa = PBXFileReference; lastKnownFileType = sourcecode.swift; path = ViewController.swift; sourceTree = "<group>"; };
		772CE0561F9D78F80055CAEC /* Base */ = {isa = PBXFileReference; lastKnownFileType = file.storyboard; name = Base; path = Base.lproj/Main.storyboard; sourceTree = "<group>"; };
		772CE0581F9D78F80055CAEC /* Assets.xcassets */ = {isa = PBXFileReference; lastKnownFileType = folder.assetcatalog; path = Assets.xcassets; sourceTree = "<group>"; };
		772CE05B1F9D78F80055CAEC /* Base */ = {isa = PBXFileReference; lastKnownFileType = file.storyboard; name = Base; path = Base.lproj/LaunchScreen.storyboard; sourceTree = "<group>"; };
		772CE05D1F9D78F80055CAEC /* Info.plist */ = {isa = PBXFileReference; lastKnownFileType = text.plist.xml; path = Info.plist; sourceTree = "<group>"; };
		772CE0621F9D78F80055CAEC /* AutoLayoutTests.xctest */ = {isa = PBXFileReference; explicitFileType = wrapper.cfbundle; includeInIndex = 0; path = AutoLayoutTests.xctest; sourceTree = BUILT_PRODUCTS_DIR; };
		772CE0661F9D78F80055CAEC /* AutoLayoutTests.swift */ = {isa = PBXFileReference; lastKnownFileType = sourcecode.swift; path = AutoLayoutTests.swift; sourceTree = "<group>"; };
		772CE0681F9D78F80055CAEC /* Info.plist */ = {isa = PBXFileReference; lastKnownFileType = text.plist.xml; path = Info.plist; sourceTree = "<group>"; };
		772CE06D1F9D78F80055CAEC /* AutoLayoutUITests.xctest */ = {isa = PBXFileReference; explicitFileType = wrapper.cfbundle; includeInIndex = 0; path = AutoLayoutUITests.xctest; sourceTree = BUILT_PRODUCTS_DIR; };
		772CE0711F9D78F80055CAEC /* AutoLayoutUITests.swift */ = {isa = PBXFileReference; lastKnownFileType = sourcecode.swift; path = AutoLayoutUITests.swift; sourceTree = "<group>"; };
		772CE0731F9D78F80055CAEC /* Info.plist */ = {isa = PBXFileReference; lastKnownFileType = text.plist.xml; path = Info.plist; sourceTree = "<group>"; };
/* End PBXFileReference section */

/* Begin PBXFrameworksBuildPhase section */
		772CE04B1F9D78F80055CAEC /* Frameworks */ = {
			isa = PBXFrameworksBuildPhase;
			buildActionMask = 2147483647;
			files = (
			);
			runOnlyForDeploymentPostprocessing = 0;
		};
		772CE05F1F9D78F80055CAEC /* Frameworks */ = {
			isa = PBXFrameworksBuildPhase;
			buildActionMask = 2147483647;
			files = (
			);
			runOnlyForDeploymentPostprocessing = 0;
		};
		772CE06A1F9D78F80055CAEC /* Frameworks */ = {
			isa = PBXFrameworksBuildPhase;
			buildActionMask = 2147483647;
			files = (
			);
			runOnlyForDeploymentPostprocessing = 0;
		};
/* End PBXFrameworksBuildPhase section */

/* Begin PBXGroup section */
		772CE0451F9D78F80055CAEC = {
			isa = PBXGroup;
			children = (
				772CE0501F9D78F80055CAEC /* AutoLayout */,
				772CE0651F9D78F80055CAEC /* AutoLayoutTests */,
				772CE0701F9D78F80055CAEC /* AutoLayoutUITests */,
				772CE04F1F9D78F80055CAEC /* Products */,
			);
			sourceTree = "<group>";
		};
		772CE04F1F9D78F80055CAEC /* Products */ = {
			isa = PBXGroup;
			children = (
				772CE04E1F9D78F80055CAEC /* AutoLayout.app */,
				772CE0621F9D78F80055CAEC /* AutoLayoutTests.xctest */,
				772CE06D1F9D78F80055CAEC /* AutoLayoutUITests.xctest */,
			);
			name = Products;
			sourceTree = "<group>";
		};
		772CE0501F9D78F80055CAEC /* AutoLayout */ = {
			isa = PBXGroup;
			children = (
				772CE0511F9D78F80055CAEC /* AppDelegate.swift */,
				772CE0531F9D78F80055CAEC /* ViewController.swift */,
				772CE0551F9D78F80055CAEC /* Main.storyboard */,
				772CE0581F9D78F80055CAEC /* Assets.xcassets */,
				772CE05A1F9D78F80055CAEC /* LaunchScreen.storyboard */,
				772CE05D1F9D78F80055CAEC /* Info.plist */,
			);
			path = AutoLayout;
			sourceTree = "<group>";
		};
		772CE0651F9D78F80055CAEC /* AutoLayoutTests */ = {
			isa = PBXGroup;
			children = (
				772CE0661F9D78F80055CAEC /* AutoLayoutTests.swift */,
				772CE0681F9D78F80055CAEC /* Info.plist */,
			);
			path = AutoLayoutTests;
			sourceTree = "<group>";
		};
		772CE0701F9D78F80055CAEC /* AutoLayoutUITests */ = {
			isa = PBXGroup;
			children = (
				772CE0711F9D78F80055CAEC /* AutoLayoutUITests.swift */,
				772CE0731F9D78F80055CAEC /* Info.plist */,
			);
			path = AutoLayoutUITests;
			sourceTree = "<group>";
		};
/* End PBXGroup section */

/* Begin PBXNativeTarget section */
		772CE04D1F9D78F80055CAEC /* AutoLayout */ = {
			isa = PBXNativeTarget;
			buildConfigurationList = 772CE0761F9D78F80055CAEC /* Build configuration list for PBXNativeTarget "AutoLayout" */;
			buildPhases = (
				772CE04A1F9D78F80055CAEC /* Sources */,
				772CE04B1F9D78F80055CAEC /* Frameworks */,
				772CE04C1F9D78F80055CAEC /* Resources */,
			);
			buildRules = (
			);
			dependencies = (
			);
			name = AutoLayout;
			productName = AutoLayout;
			productReference = 772CE04E1F9D78F80055CAEC /* AutoLayout.app */;
			productType = "com.apple.product-type.application";
		};
		772CE0611F9D78F80055CAEC /* AutoLayoutTests */ = {
			isa = PBXNativeTarget;
			buildConfigurationList = 772CE0791F9D78F80055CAEC /* Build configuration list for PBXNativeTarget "AutoLayoutTests" */;
			buildPhases = (
				772CE05E1F9D78F80055CAEC /* Sources */,
				772CE05F1F9D78F80055CAEC /* Frameworks */,
				772CE0601F9D78F80055CAEC /* Resources */,
			);
			buildRules = (
			);
			dependencies = (
				772CE0641F9D78F80055CAEC /* PBXTargetDependency */,
			);
			name = AutoLayoutTests;
			productName = AutoLayoutTests;
			productReference = 772CE0621F9D78F80055CAEC /* AutoLayoutTests.xctest */;
			productType = "com.apple.product-type.bundle.unit-test";
		};
		772CE06C1F9D78F80055CAEC /* AutoLayoutUITests */ = {
			isa = PBXNativeTarget;
			buildConfigurationList = 772CE07C1F9D78F80055CAEC /* Build configuration list for PBXNativeTarget "AutoLayoutUITests" */;
			buildPhases = (
				772CE0691F9D78F80055CAEC /* Sources */,
				772CE06A1F9D78F80055CAEC /* Frameworks */,
				772CE06B1F9D78F80055CAEC /* Resources */,
			);
			buildRules = (
			);
			dependencies = (
				772CE06F1F9D78F80055CAEC /* PBXTargetDependency */,
			);
			name = AutoLayoutUITests;
			productName = AutoLayoutUITests;
			productReference = 772CE06D1F9D78F80055CAEC /* AutoLayoutUITests.xctest */;
			productType = "com.apple.product-type.bundle.ui-testing";
		};
/* End PBXNativeTarget section */

/* Begin PBXProject section */
		772CE0461F9D78F80055CAEC /* Project object */ = {
			isa = PBXProject;
			attributes = {
				LastSwiftUpdateCheck = 0900;
				LastUpgradeCheck = 0900;
				ORGANIZATIONNAME = "施馨檸";
				TargetAttributes = {
					772CE04D1F9D78F80055CAEC = {
						CreatedOnToolsVersion = 9.0;
						ProvisioningStyle = Automatic;
					};
					772CE0611F9D78F80055CAEC = {
						CreatedOnToolsVersion = 9.0;
						ProvisioningStyle = Automatic;
						TestTargetID = 772CE04D1F9D78F80055CAEC;
					};
					772CE06C1F9D78F80055CAEC = {
						CreatedOnToolsVersion = 9.0;
						ProvisioningStyle = Automatic;
						TestTargetID = 772CE04D1F9D78F80055CAEC;
					};
				};
			};
			buildConfigurationList = 772CE0491F9D78F80055CAEC /* Build configuration list for PBXProject "AutoLayout" */;
			compatibilityVersion = "Xcode 8.0";
			developmentRegion = en;
			hasScannedForEncodings = 0;
			knownRegions = (
				en,
				Base,
			);
			mainGroup = 772CE0451F9D78F80055CAEC;
			productRefGroup = 772CE04F1F9D78F80055CAEC /* Products */;
			projectDirPath = "";
			projectRoot = "";
			targets = (
				772CE04D1F9D78F80055CAEC /* AutoLayout */,
				772CE0611F9D78F80055CAEC /* AutoLayoutTests */,
				772CE06C1F9D78F80055CAEC /* AutoLayoutUITests */,
			);
		};
/* End PBXProject section */

/* Begin PBXResourcesBuildPhase section */
		772CE04C1F9D78F80055CAEC /* Resources */ = {
			isa = PBXResourcesBuildPhase;
			buildActionMask = 2147483647;
			files = (
				772CE05C1F9D78F80055CAEC /* LaunchScreen.storyboard in Resources */,
				772CE0591F9D78F80055CAEC /* Assets.xcassets in Resources */,
				772CE0571F9D78F80055CAEC /* Main.storyboard in Resources */,
			);
			runOnlyForDeploymentPostprocessing = 0;
		};
		772CE0601F9D78F80055CAEC /* Resources */ = {
			isa = PBXResourcesBuildPhase;
			buildActionMask = 2147483647;
			files = (
			);
			runOnlyForDeploymentPostprocessing = 0;
		};
		772CE06B1F9D78F80055CAEC /* Resources */ = {
			isa = PBXResourcesBuildPhase;
			buildActionMask = 2147483647;
			files = (
			);
			runOnlyForDeploymentPostprocessing = 0;
		};
/* End PBXResourcesBuildPhase section */

/* Begin PBXSourcesBuildPhase section */
		772CE04A1F9D78F80055CAEC /* Sources */ = {
			isa = PBXSourcesBuildPhase;
			buildActionMask = 2147483647;
			files = (
				772CE0541F9D78F80055CAEC /* ViewController.swift in Sources */,
				772CE0521F9D78F80055CAEC /* AppDelegate.swift in Sources */,
			);
			runOnlyForDeploymentPostprocessing = 0;
		};
		772CE05E1F9D78F80055CAEC /* Sources */ = {
			isa = PBXSourcesBuildPhase;
			buildActionMask = 2147483647;
			files = (
				772CE0671F9D78F80055CAEC /* AutoLayoutTests.swift in Sources */,
			);
			runOnlyForDeploymentPostprocessing = 0;
		};
		772CE0691F9D78F80055CAEC /* Sources */ = {
			isa = PBXSourcesBuildPhase;
			buildActionMask = 2147483647;
			files = (
				772CE0721F9D78F80055CAEC /* AutoLayoutUITests.swift in Sources */,
			);
			runOnlyForDeploymentPostprocessing = 0;
		};
/* End PBXSourcesBuildPhase section */

/* Begin PBXTargetDependency section */
		772CE0641F9D78F80055CAEC /* PBXTargetDependency */ = {
			isa = PBXTargetDependency;
			target = 772CE04D1F9D78F80055CAEC /* AutoLayout */;
			targetProxy = 772CE0631F9D78F80055CAEC /* PBXContainerItemProxy */;
		};
		772CE06F1F9D78F80055CAEC /* PBXTargetDependency */ = {
			isa = PBXTargetDependency;
			target = 772CE04D1F9D78F80055CAEC /* AutoLayout */;
			targetProxy = 772CE06E1F9D78F80055CAEC /* PBXContainerItemProxy */;
		};
/* End PBXTargetDependency section */

/* Begin PBXVariantGroup section */
		772CE0551F9D78F80055CAEC /* Main.storyboard */ = {
			isa = PBXVariantGroup;
			children = (
				772CE0561F9D78F80055CAEC /* Base */,
			);
			name = Main.storyboard;
			sourceTree = "<group>";
		};
		772CE05A1F9D78F80055CAEC /* LaunchScreen.storyboard */ = {
			isa = PBXVariantGroup;
			children = (
				772CE05B1F9D78F80055CAEC /* Base */,
			);
			name = LaunchScreen.storyboard;
			sourceTree = "<group>";
		};
/* End PBXVariantGroup section */

/* Begin XCBuildConfiguration section */
		772CE0741F9D78F80055CAEC /* Debug */ = {
			isa = XCBuildConfiguration;
			buildSettings = {
				ALWAYS_SEARCH_USER_PATHS = NO;
				CLANG_ANALYZER_NONNULL = YES;
				CLANG_ANALYZER_NUMBER_OBJECT_CONVERSION = YES_AGGRESSIVE;
				CLANG_CXX_LANGUAGE_STANDARD = "gnu++14";
				CLANG_CXX_LIBRARY = "libc++";
				CLANG_ENABLE_MODULES = YES;
				CLANG_ENABLE_OBJC_ARC = YES;
				CLANG_WARN_BLOCK_CAPTURE_AUTORELEASING = YES;
				CLANG_WARN_BOOL_CONVERSION = YES;
				CLANG_WARN_COMMA = YES;
				CLANG_WARN_CONSTANT_CONVERSION = YES;
				CLANG_WARN_DIRECT_OBJC_ISA_USAGE = YES_ERROR;
				CLANG_WARN_DOCUMENTATION_COMMENTS = YES;
				CLANG_WARN_EMPTY_BODY = YES;
				CLANG_WARN_ENUM_CONVERSION = YES;
				CLANG_WARN_INFINITE_RECURSION = YES;
				CLANG_WARN_INT_CONVERSION = YES;
				CLANG_WARN_NON_LITERAL_NULL_CONVERSION = YES;
				CLANG_WARN_OBJC_LITERAL_CONVERSION = YES;
				CLANG_WARN_OBJC_ROOT_CLASS = YES_ERROR;
				CLANG_WARN_RANGE_LOOP_ANALYSIS = YES;
				CLANG_WARN_STRICT_PROTOTYPES = YES;
				CLANG_WARN_SUSPICIOUS_MOVE = YES;
				CLANG_WARN_UNGUARDED_AVAILABILITY = YES_AGGRESSIVE;
				CLANG_WARN_UNREACHABLE_CODE = YES;
				CLANG_WARN__DUPLICATE_METHOD_MATCH = YES;
				CODE_SIGN_IDENTITY = "iPhone Developer";
				COPY_PHASE_STRIP = NO;
				DEBUG_INFORMATION_FORMAT = dwarf;
				ENABLE_STRICT_OBJC_MSGSEND = YES;
				ENABLE_TESTABILITY = YES;
				GCC_C_LANGUAGE_STANDARD = gnu11;
				GCC_DYNAMIC_NO_PIC = NO;
				GCC_NO_COMMON_BLOCKS = YES;
				GCC_OPTIMIZATION_LEVEL = 0;
				GCC_PREPROCESSOR_DEFINITIONS = (
					"DEBUG=1",
					"$(inherited)",
				);
				GCC_WARN_64_TO_32_BIT_CONVERSION = YES;
				GCC_WARN_ABOUT_RETURN_TYPE = YES_ERROR;
				GCC_WARN_UNDECLARED_SELECTOR = YES;
				GCC_WARN_UNINITIALIZED_AUTOS = YES_AGGRESSIVE;
				GCC_WARN_UNUSED_FUNCTION = YES;
				GCC_WARN_UNUSED_VARIABLE = YES;
				IPHONEOS_DEPLOYMENT_TARGET = 11.0;
				MTL_ENABLE_DEBUG_INFO = YES;
				ONLY_ACTIVE_ARCH = YES;
				SDKROOT = iphoneos;
				SWIFT_ACTIVE_COMPILATION_CONDITIONS = DEBUG;
				SWIFT_OPTIMIZATION_LEVEL = "-Onone";
			};
			name = Debug;
		};
		772CE0751F9D78F80055CAEC /* Release */ = {
			isa = XCBuildConfiguration;
			buildSettings = {
				ALWAYS_SEARCH_USER_PATHS = NO;
				CLANG_ANALYZER_NONNULL = YES;
				CLANG_ANALYZER_NUMBER_OBJECT_CONVERSION = YES_AGGRESSIVE;
				CLANG_CXX_LANGUAGE_STANDARD = "gnu++14";
				CLANG_CXX_LIBRARY = "libc++";
				CLANG_ENABLE_MODULES = YES;
				CLANG_ENABLE_OBJC_ARC = YES;
				CLANG_WARN_BLOCK_CAPTURE_AUTORELEASING = YES;
				CLANG_WARN_BOOL_CONVERSION = YES;
				CLANG_WARN_COMMA = YES;
				CLANG_WARN_CONSTANT_CONVERSION = YES;
				CLANG_WARN_DIRECT_OBJC_ISA_USAGE = YES_ERROR;
				CLANG_WARN_DOCUMENTATION_COMMENTS = YES;
				CLANG_WARN_EMPTY_BODY = YES;
				CLANG_WARN_ENUM_CONVERSION = YES;
				CLANG_WARN_INFINITE_RECURSION = YES;
				CLANG_WARN_INT_CONVERSION = YES;
				CLANG_WARN_NON_LITERAL_NULL_CONVERSION = YES;
				CLANG_WARN_OBJC_LITERAL_CONVERSION = YES;
				CLANG_WARN_OBJC_ROOT_CLASS = YES_ERROR;
				CLANG_WARN_RANGE_LOOP_ANALYSIS = YES;
				CLANG_WARN_STRICT_PROTOTYPES = YES;
				CLANG_WARN_SUSPICIOUS_MOVE = YES;
				CLANG_WARN_UNGUARDED_AVAILABILITY = YES_AGGRESSIVE;
				CLANG_WARN_UNREACHABLE_CODE = YES;
				CLANG_WARN__DUPLICATE_METHOD_MATCH = YES;
				CODE_SIGN_IDENTITY = "iPhone Developer";
				COPY_PHASE_STRIP = NO;
				DEBUG_INFORMATION_FORMAT = "dwarf-with-dsym";
				ENABLE_NS_ASSERTIONS = NO;
				ENABLE_STRICT_OBJC_MSGSEND = YES;
				GCC_C_LANGUAGE_STANDARD = gnu11;
				GCC_NO_COMMON_BLOCKS = YES;
				GCC_WARN_64_TO_32_BIT_CONVERSION = YES;
				GCC_WARN_ABOUT_RETURN_TYPE = YES_ERROR;
				GCC_WARN_UNDECLARED_SELECTOR = YES;
				GCC_WARN_UNINITIALIZED_AUTOS = YES_AGGRESSIVE;
				GCC_WARN_UNUSED_FUNCTION = YES;
				GCC_WARN_UNUSED_VARIABLE = YES;
				IPHONEOS_DEPLOYMENT_TARGET = 11.0;
				MTL_ENABLE_DEBUG_INFO = NO;
				SDKROOT = iphoneos;
				SWIFT_OPTIMIZATION_LEVEL = "-Owholemodule";
				VALIDATE_PRODUCT = YES;
			};
			name = Release;
		};
		772CE0771F9D78F80055CAEC /* Debug */ = {
			isa = XCBuildConfiguration;
			buildSettings = {
				ASSETCATALOG_COMPILER_APPICON_NAME = AppIcon;
				CODE_SIGN_STYLE = Automatic;
				INFOPLIST_FILE = AutoLayout/Info.plist;
				LD_RUNPATH_SEARCH_PATHS = "$(inherited) @executable_path/Frameworks";
				PRODUCT_BUNDLE_IDENTIFIER = ning.AutoLayout;
				PRODUCT_NAME = "$(TARGET_NAME)";
				SWIFT_VERSION = 4.0;
				TARGETED_DEVICE_FAMILY = "1,2";
			};
			name = Debug;
		};
		772CE0781F9D78F80055CAEC /* Release */ = {
			isa = XCBuildConfiguration;
			buildSettings = {
				ASSETCATALOG_COMPILER_APPICON_NAME = AppIcon;
				CODE_SIGN_STYLE = Automatic;
				INFOPLIST_FILE = AutoLayout/Info.plist;
				LD_RUNPATH_SEARCH_PATHS = "$(inherited) @executable_path/Frameworks";
				PRODUCT_BUNDLE_IDENTIFIER = ning.AutoLayout;
				PRODUCT_NAME = "$(TARGET_NAME)";
				SWIFT_VERSION = 4.0;
				TARGETED_DEVICE_FAMILY = "1,2";
			};
			name = Release;
		};
		772CE07A1F9D78F80055CAEC /* Debug */ = {
			isa = XCBuildConfiguration;
			buildSettings = {
				ALWAYS_EMBED_SWIFT_STANDARD_LIBRARIES = YES;
				BUNDLE_LOADER = "$(TEST_HOST)";
				CODE_SIGN_STYLE = Automatic;
				INFOPLIST_FILE = AutoLayoutTests/Info.plist;
				LD_RUNPATH_SEARCH_PATHS = "$(inherited) @executable_path/Frameworks @loader_path/Frameworks";
				PRODUCT_BUNDLE_IDENTIFIER = ning.AutoLayoutTests;
				PRODUCT_NAME = "$(TARGET_NAME)";
				SWIFT_VERSION = 4.0;
				TARGETED_DEVICE_FAMILY = "1,2";
				TEST_HOST = "$(BUILT_PRODUCTS_DIR)/AutoLayout.app/AutoLayout";
			};
			name = Debug;
		};
		772CE07B1F9D78F80055CAEC /* Release */ = {
			isa = XCBuildConfiguration;
			buildSettings = {
				ALWAYS_EMBED_SWIFT_STANDARD_LIBRARIES = YES;
				BUNDLE_LOADER = "$(TEST_HOST)";
				CODE_SIGN_STYLE = Automatic;
				INFOPLIST_FILE = AutoLayoutTests/Info.plist;
				LD_RUNPATH_SEARCH_PATHS = "$(inherited) @executable_path/Frameworks @loader_path/Frameworks";
				PRODUCT_BUNDLE_IDENTIFIER = ning.AutoLayoutTests;
				PRODUCT_NAME = "$(TARGET_NAME)";
				SWIFT_VERSION = 4.0;
				TARGETED_DEVICE_FAMILY = "1,2";
				TEST_HOST = "$(BUILT_PRODUCTS_DIR)/AutoLayout.app/AutoLayout";
			};
			name = Release;
		};
		772CE07D1F9D78F80055CAEC /* Debug */ = {
			isa = XCBuildConfiguration;
			buildSettings = {
				ALWAYS_EMBED_SWIFT_STANDARD_LIBRARIES = YES;
				CODE_SIGN_STYLE = Automatic;
				INFOPLIST_FILE = AutoLayoutUITests/Info.plist;
				LD_RUNPATH_SEARCH_PATHS = "$(inherited) @executable_path/Frameworks @loader_path/Frameworks";
				PRODUCT_BUNDLE_IDENTIFIER = ning.AutoLayoutUITests;
				PRODUCT_NAME = "$(TARGET_NAME)";
				SWIFT_VERSION = 4.0;
				TARGETED_DEVICE_FAMILY = "1,2";
				TEST_TARGET_NAME = AutoLayout;
			};
			name = Debug;
		};
		772CE07E1F9D78F80055CAEC /* Release */ = {
			isa = XCBuildConfiguration;
			buildSettings = {
				ALWAYS_EMBED_SWIFT_STANDARD_LIBRARIES = YES;
				CODE_SIGN_STYLE = Automatic;
				INFOPLIST_FILE = AutoLayoutUITests/Info.plist;
				LD_RUNPATH_SEARCH_PATHS = "$(inherited) @executable_path/Frameworks @loader_path/Frameworks";
				PRODUCT_BUNDLE_IDENTIFIER = ning.AutoLayoutUITests;
				PRODUCT_NAME = "$(TARGET_NAME)";
				SWIFT_VERSION = 4.0;
				TARGETED_DEVICE_FAMILY = "1,2";
				TEST_TARGET_NAME = AutoLayout;
			};
			name = Release;
		};
/* End XCBuildConfiguration section */

/* Begin XCConfigurationList section */
		772CE0491F9D78F80055CAEC /* Build configuration list for PBXProject "AutoLayout" */ = {
			isa = XCConfigurationList;
			buildConfigurations = (
				772CE0741F9D78F80055CAEC /* Debug */,
				772CE0751F9D78F80055CAEC /* Release */,
			);
			defaultConfigurationIsVisible = 0;
			defaultConfigurationName = Release;
		};
		772CE0761F9D78F80055CAEC /* Build configuration list for PBXNativeTarget "AutoLayout" */ = {
			isa = XCConfigurationList;
			buildConfigurations = (
				772CE0771F9D78F80055CAEC /* Debug */,
				772CE0781F9D78F80055CAEC /* Release */,
			);
			defaultConfigurationIsVisible = 0;
			defaultConfigurationName = Release;
		};
		772CE0791F9D78F80055CAEC /* Build configuration list for PBXNativeTarget "AutoLayoutTests" */ = {
			isa = XCConfigurationList;
			buildConfigurations = (
				772CE07A1F9D78F80055CAEC /* Debug */,
				772CE07B1F9D78F80055CAEC /* Release */,
			);
			defaultConfigurationIsVisible = 0;
			defaultConfigurationName = Release;
		};
		772CE07C1F9D78F80055CAEC /* Build configuration list for PBXNativeTarget "AutoLayoutUITests" */ = {
			isa = XCConfigurationList;
			buildConfigurations = (
				772CE07D1F9D78F80055CAEC /* Debug */,
				772CE07E1F9D78F80055CAEC /* Release */,
			);
			defaultConfigurationIsVisible = 0;
			defaultConfigurationName = Release;
		};
/* End XCConfigurationList section */
	};
	rootObject = 772CE0461F9D78F80055CAEC /* Project object */;
}
